
Microsoft Visual Studio Solution File, Format Version 12.00
# Visual Studio 15
VisualStudioVersion = 15.0.28307.271
MinimumVisualStudioVersion = 10.0.40219.1
Project("{F184B08F-C81C-45F6-A57F-5ABD9991F28F}") = "CalculatThis", "CalculatThis\CalculatThis.vbproj", "{BBB16C6B-7BA2-4705-843C-B6BA3F4EB0EF}"
EndProject
Global
	GlobalSection(SolutionConfigurationPlatforms) = preSolution
		Debug|Any CPU = Debug|Any CPU
		Release|Any CPU = Release|Any CPU
	EndGlobalSection
	GlobalSection(ProjectConfigurationPlatforms) = postSolution
		{BBB16C6B-7BA2-4705-843C-B6BA3F4EB0EF}.Debug|Any CPU.ActiveCfg = Debug|Any CPU
		{BBB16C6B-7BA2-4705-843C-B6BA3F4EB0EF}.Debug|Any CPU.Build.0 = Debug|Any CPU
		{BBB16C6B-7BA2-4705-843C-B6BA3F4EB0EF}.Release|Any CPU.ActiveCfg = Release|Any CPU
		{BBB16C6B-7BA2-4705-843C-B6BA3F4EB0EF}.Release|Any CPU.Build.0 = Release|Any CPU
	EndGlobalSection
	GlobalSection(SolutionProperties) = preSolution
		HideSolutionNode = FALSE
	EndGlobalSection
	GlobalSection(ExtensibilityGlobals) = postSolution
		SolutionGuid = {87A00777-3AA3-4651-BE2E-04C3156F4061}
	EndGlobalSection
EndGlobal
